// !$*UTF8*$!
{
	archiveVersion = 1;
	classes = {
	};
	objectVersion = 55;
	objects = {

/* Begin PBXBuildFile section */
		960F2B72282CDD8A002E2065 /* OnboardingContainerViewController.swift in Sources */ = {isa = PBXBuildFile; fileRef = 960F2B71282CDD8A002E2065 /* OnboardingContainerViewController.swift */; };
		960F2B74282D45C5002E2065 /* OnboardingViewController.swift in Sources */ = {isa = PBXBuildFile; fileRef = 960F2B73282D45C5002E2065 /* OnboardingViewController.swift */; };
		9616291F2832CB84009B4039 /* DecimalUtils.swift in Sources */ = {isa = PBXBuildFile; fileRef = 9616291E2832CB84009B4039 /* DecimalUtils.swift */; };
		961629212832CBC4009B4039 /* CurrencyFormatter.swift in Sources */ = {isa = PBXBuildFile; fileRef = 961629202832CBC4009B4039 /* CurrencyFormatter.swift */; };
		968058772832028400BDF569 /* AccountSummaryHeaderView.swift in Sources */ = {isa = PBXBuildFile; fileRef = 968058762832028400BDF569 /* AccountSummaryHeaderView.swift */; };
		96805879283202C700BDF569 /* AccountSummaryHeaderView.xib in Resources */ = {isa = PBXBuildFile; fileRef = 96805878283202C700BDF569 /* AccountSummaryHeaderView.xib */; };
		9680587D28321C7100BDF569 /* AccountSummaryCell.swift in Sources */ = {isa = PBXBuildFile; fileRef = 9680587C28321C7100BDF569 /* AccountSummaryCell.swift */; };
		96813466282C2FCD008C302D /* AppDelegate.swift in Sources */ = {isa = PBXBuildFile; fileRef = 96813465282C2FCD008C302D /* AppDelegate.swift */; };
		9681346A282C2FCD008C302D /* LoginViewController.swift in Sources */ = {isa = PBXBuildFile; fileRef = 96813469282C2FCD008C302D /* LoginViewController.swift */; };
		9681346F282C2FCF008C302D /* Assets.xcassets in Resources */ = {isa = PBXBuildFile; fileRef = 9681346E282C2FCF008C302D /* Assets.xcassets */; };
		96813472282C2FCF008C302D /* LaunchScreen.storyboard in Resources */ = {isa = PBXBuildFile; fileRef = 96813470282C2FCF008C302D /* LaunchScreen.storyboard */; };
		9681347C282C31C0008C302D /* LoginView.swift in Sources */ = {isa = PBXBuildFile; fileRef = 9681347B282C31C0008C302D /* LoginView.swift */; };
		9684499E283182F8007DC86E /* AccountSummaryViewController.swift in Sources */ = {isa = PBXBuildFile; fileRef = 9684499D283182F8007DC86E /* AccountSummaryViewController.swift */; };
		968A51DF282F8FE7007437FF /* UIViewController+Utils.swift in Sources */ = {isa = PBXBuildFile; fileRef = 968A51DE282F8FE7007437FF /* UIViewController+Utils.swift */; };
		968A51E1282F90FD007437FF /* MainViewController.swift in Sources */ = {isa = PBXBuildFile; fileRef = 968A51E0282F90FD007437FF /* MainViewController.swift */; };
		96A051222833931C00886173 /* CurrencyFormatterTest.swift in Sources */ = {isa = PBXBuildFile; fileRef = 96A051212833931C00886173 /* CurrencyFormatterTest.swift */; };
		96A05124283402A900886173 /* NSNotificationName.swift in Sources */ = {isa = PBXBuildFile; fileRef = 96A05123283402A900886173 /* NSNotificationName.swift */; };
		96A051262834047800886173 /* UITextField+SecureToggle.swift in Sources */ = {isa = PBXBuildFile; fileRef = 96A051252834047800886173 /* UITextField+SecureToggle.swift */; };
		96A196F1282E397F00B5A4A7 /* DummyViewController.swift in Sources */ = {isa = PBXBuildFile; fileRef = 96A196F0282E397F00B5A4A7 /* DummyViewController.swift */; };
		96A196F4282E82A800B5A4A7 /* LocalState.swift in Sources */ = {isa = PBXBuildFile; fileRef = 96A196F3282E82A800B5A4A7 /* LocalState.swift */; };
		96A455932835119500673A20 /* ShakeyBellView.swift in Sources */ = {isa = PBXBuildFile; fileRef = 96A455922835119500673A20 /* ShakeyBellView.swift */; };
/* End PBXBuildFile section */

/* Begin PBXContainerItemProxy section */
		96A0511C2833927C00886173 /* PBXContainerItemProxy */ = {
			isa = PBXContainerItemProxy;
			containerPortal = 9681345A282C2FCD008C302D /* Project object */;
			proxyType = 1;
			remoteGlobalIDString = 96813461282C2FCD008C302D;
			remoteInfo = Bankey;
		};
/* End PBXContainerItemProxy section */

/* Begin PBXFileReference section */
		960F2B71282CDD8A002E2065 /* OnboardingContainerViewController.swift */ = {isa = PBXFileReference; lastKnownFileType = sourcecode.swift; path = OnboardingContainerViewController.swift; sourceTree = "<group>"; };
		960F2B73282D45C5002E2065 /* OnboardingViewController.swift */ = {isa = PBXFileReference; lastKnownFileType = sourcecode.swift; path = OnboardingViewController.swift; sourceTree = "<group>"; };
		9616291E2832CB84009B4039 /* DecimalUtils.swift */ = {isa = PBXFileReference; lastKnownFileType = sourcecode.swift; path = DecimalUtils.swift; sourceTree = "<group>"; };
		961629202832CBC4009B4039 /* CurrencyFormatter.swift */ = {isa = PBXFileReference; lastKnownFileType = sourcecode.swift; path = CurrencyFormatter.swift; sourceTree = "<group>"; };
		968058762832028400BDF569 /* AccountSummaryHeaderView.swift */ = {isa = PBXFileReference; lastKnownFileType = sourcecode.swift; path = AccountSummaryHeaderView.swift; sourceTree = "<group>"; };
		96805878283202C700BDF569 /* AccountSummaryHeaderView.xib */ = {isa = PBXFileReference; lastKnownFileType = file.xib; path = AccountSummaryHeaderView.xib; sourceTree = "<group>"; };
		9680587C28321C7100BDF569 /* AccountSummaryCell.swift */ = {isa = PBXFileReference; lastKnownFileType = sourcecode.swift; path = AccountSummaryCell.swift; sourceTree = "<group>"; };
		96813462282C2FCD008C302D /* Bankey.app */ = {isa = PBXFileReference; explicitFileType = wrapper.application; includeInIndex = 0; path = Bankey.app; sourceTree = BUILT_PRODUCTS_DIR; };
		96813465282C2FCD008C302D /* AppDelegate.swift */ = {isa = PBXFileReference; lastKnownFileType = sourcecode.swift; path = AppDelegate.swift; sourceTree = "<group>"; };
		96813469282C2FCD008C302D /* LoginViewController.swift */ = {isa = PBXFileReference; lastKnownFileType = sourcecode.swift; path = LoginViewController.swift; sourceTree = "<group>"; };
		9681346E282C2FCF008C302D /* Assets.xcassets */ = {isa = PBXFileReference; lastKnownFileType = folder.assetcatalog; path = Assets.xcassets; sourceTree = "<group>"; };
		96813471282C2FCF008C302D /* Base */ = {isa = PBXFileReference; lastKnownFileType = file.storyboard; name = Base; path = Base.lproj/LaunchScreen.storyboard; sourceTree = "<group>"; };
		96813473282C2FCF008C302D /* Info.plist */ = {isa = PBXFileReference; lastKnownFileType = text.plist.xml; path = Info.plist; sourceTree = "<group>"; };
		9681347B282C31C0008C302D /* LoginView.swift */ = {isa = PBXFileReference; lastKnownFileType = sourcecode.swift; path = LoginView.swift; sourceTree = "<group>"; };
		9684499D283182F8007DC86E /* AccountSummaryViewController.swift */ = {isa = PBXFileReference; lastKnownFileType = sourcecode.swift; path = AccountSummaryViewController.swift; sourceTree = "<group>"; };
		968A51DE282F8FE7007437FF /* UIViewController+Utils.swift */ = {isa = PBXFileReference; lastKnownFileType = sourcecode.swift; path = "UIViewController+Utils.swift"; sourceTree = "<group>"; };
		968A51E0282F90FD007437FF /* MainViewController.swift */ = {isa = PBXFileReference; lastKnownFileType = sourcecode.swift; path = MainViewController.swift; sourceTree = "<group>"; };
		96A051182833927C00886173 /* BankeyUnitTests.xctest */ = {isa = PBXFileReference; explicitFileType = wrapper.cfbundle; includeInIndex = 0; path = BankeyUnitTests.xctest; sourceTree = BUILT_PRODUCTS_DIR; };
		96A051212833931C00886173 /* CurrencyFormatterTest.swift */ = {isa = PBXFileReference; lastKnownFileType = sourcecode.swift; path = CurrencyFormatterTest.swift; sourceTree = "<group>"; };
		96A05123283402A900886173 /* NSNotificationName.swift */ = {isa = PBXFileReference; lastKnownFileType = sourcecode.swift; path = NSNotificationName.swift; sourceTree = "<group>"; };
		96A051252834047800886173 /* UITextField+SecureToggle.swift */ = {isa = PBXFileReference; lastKnownFileType = sourcecode.swift; path = "UITextField+SecureToggle.swift"; sourceTree = "<group>"; };
		96A196F0282E397F00B5A4A7 /* DummyViewController.swift */ = {isa = PBXFileReference; lastKnownFileType = sourcecode.swift; path = DummyViewController.swift; sourceTree = "<group>"; };
		96A196F3282E82A800B5A4A7 /* LocalState.swift */ = {isa = PBXFileReference; lastKnownFileType = sourcecode.swift; path = LocalState.swift; sourceTree = "<group>"; };
		96A455922835119500673A20 /* ShakeyBellView.swift */ = {isa = PBXFileReference; lastKnownFileType = sourcecode.swift; path = ShakeyBellView.swift; sourceTree = "<group>"; };
/* End PBXFileReference section */

/* Begin PBXFrameworksBuildPhase section */
		9681345F282C2FCD008C302D /* Frameworks */ = {
			isa = PBXFrameworksBuildPhase;
			buildActionMask = 2147483647;
			files = (
			);
			runOnlyForDeploymentPostprocessing = 0;
		};
		96A051152833927C00886173 /* Frameworks */ = {
			isa = PBXFrameworksBuildPhase;
			buildActionMask = 2147483647;
			files = (
			);
			runOnlyForDeploymentPostprocessing = 0;
		};
/* End PBXFrameworksBuildPhase section */

/* Begin PBXGroup section */
		960F2B70282CDD4C002E2065 /* Onboarding */ = {
			isa = PBXGroup;
			children = (
				960F2B71282CDD8A002E2065 /* OnboardingContainerViewController.swift */,
				960F2B73282D45C5002E2065 /* OnboardingViewController.swift */,
			);
			name = Onboarding;
			path = Bankey;
			sourceTree = "<group>";
		};
		9680587A28321C2900BDF569 /* Header */ = {
			isa = PBXGroup;
			children = (
				968058762832028400BDF569 /* AccountSummaryHeaderView.swift */,
				96805878283202C700BDF569 /* AccountSummaryHeaderView.xib */,
			);
			path = Header;
			sourceTree = "<group>";
		};
		9680587B28321C3F00BDF569 /* Cells */ = {
			isa = PBXGroup;
			children = (
				9680587C28321C7100BDF569 /* AccountSummaryCell.swift */,
			);
			path = Cells;
			sourceTree = "<group>";
		};
		96813459282C2FCD008C302D = {
			isa = PBXGroup;
			children = (
				96813464282C2FCD008C302D /* Bankey */,
				9681347A282C319A008C302D /* Login */,
				960F2B70282CDD4C002E2065 /* Onboarding */,
				9684499C283182D4007DC86E /* AccountSummary */,
				96A196F2282E829B00B5A4A7 /* Util */,
				96A455912835117600673A20 /* Components */,
				96813479282C3155008C302D /* Files */,
				96A051192833927C00886173 /* BankeyUnitTests */,
				96813463282C2FCD008C302D /* Products */,
			);
			sourceTree = "<group>";
		};
		96813463282C2FCD008C302D /* Products */ = {
			isa = PBXGroup;
			children = (
				96813462282C2FCD008C302D /* Bankey.app */,
				96A051182833927C00886173 /* BankeyUnitTests.xctest */,
			);
			name = Products;
			sourceTree = "<group>";
		};
		96813464282C2FCD008C302D /* Bankey */ = {
			isa = PBXGroup;
			children = (
				96813465282C2FCD008C302D /* AppDelegate.swift */,
				968A51E0282F90FD007437FF /* MainViewController.swift */,
			);
			path = Bankey;
			sourceTree = "<group>";
		};
		96813479282C3155008C302D /* Files */ = {
			isa = PBXGroup;
			children = (
				9681346E282C2FCF008C302D /* Assets.xcassets */,
				96813470282C2FCF008C302D /* LaunchScreen.storyboard */,
				96813473282C2FCF008C302D /* Info.plist */,
			);
			name = Files;
			path = Bankey;
			sourceTree = "<group>";
		};
		9681347A282C319A008C302D /* Login */ = {
			isa = PBXGroup;
			children = (
				9681347B282C31C0008C302D /* LoginView.swift */,
				96813469282C2FCD008C302D /* LoginViewController.swift */,
				96A196F0282E397F00B5A4A7 /* DummyViewController.swift */,
			);
			name = Login;
			path = Bankey;
			sourceTree = "<group>";
		};
		9684499C283182D4007DC86E /* AccountSummary */ = {
			isa = PBXGroup;
			children = (
				9684499D283182F8007DC86E /* AccountSummaryViewController.swift */,
				9680587A28321C2900BDF569 /* Header */,
				9680587B28321C3F00BDF569 /* Cells */,
			);
			path = AccountSummary;
			sourceTree = "<group>";
		};
		96A051192833927C00886173 /* BankeyUnitTests */ = {
			isa = PBXGroup;
			children = (
				96A051212833931C00886173 /* CurrencyFormatterTest.swift */,
			);
			path = BankeyUnitTests;
			sourceTree = "<group>";
		};
		96A196F2282E829B00B5A4A7 /* Util */ = {
			isa = PBXGroup;
			children = (
				96A051252834047800886173 /* UITextField+SecureToggle.swift */,
				9616291E2832CB84009B4039 /* DecimalUtils.swift */,
				968A51DE282F8FE7007437FF /* UIViewController+Utils.swift */,
				96A196F3282E82A800B5A4A7 /* LocalState.swift */,
				961629202832CBC4009B4039 /* CurrencyFormatter.swift */,
				96A05123283402A900886173 /* NSNotificationName.swift */,
			);
			name = Util;
			path = Bankey;
			sourceTree = "<group>";
		};
		96A455912835117600673A20 /* Components */ = {
			isa = PBXGroup;
			children = (
				96A455922835119500673A20 /* ShakeyBellView.swift */,
			);
			path = Components;
			sourceTree = "<group>";
		};
/* End PBXGroup section */

/* Begin PBXNativeTarget section */
		96813461282C2FCD008C302D /* Bankey */ = {
			isa = PBXNativeTarget;
			buildConfigurationList = 96813476282C2FCF008C302D /* Build configuration list for PBXNativeTarget "Bankey" */;
			buildPhases = (
				9681345E282C2FCD008C302D /* Sources */,
				9681345F282C2FCD008C302D /* Frameworks */,
				96813460282C2FCD008C302D /* Resources */,
			);
			buildRules = (
			);
			dependencies = (
			);
			name = Bankey;
			productName = Bankey;
			productReference = 96813462282C2FCD008C302D /* Bankey.app */;
			productType = "com.apple.product-type.application";
		};
		96A051172833927C00886173 /* BankeyUnitTests */ = {
			isa = PBXNativeTarget;
			buildConfigurationList = 96A051202833927C00886173 /* Build configuration list for PBXNativeTarget "BankeyUnitTests" */;
			buildPhases = (
				96A051142833927C00886173 /* Sources */,
				96A051152833927C00886173 /* Frameworks */,
				96A051162833927C00886173 /* Resources */,
			);
			buildRules = (
			);
			dependencies = (
				96A0511D2833927C00886173 /* PBXTargetDependency */,
			);
			name = BankeyUnitTests;
			productName = BankeyUnitTests;
			productReference = 96A051182833927C00886173 /* BankeyUnitTests.xctest */;
			productType = "com.apple.product-type.bundle.unit-test";
		};
/* End PBXNativeTarget section */

/* Begin PBXProject section */
		9681345A282C2FCD008C302D /* Project object */ = {
			isa = PBXProject;
			attributes = {
				BuildIndependentTargetsInParallel = 1;
				LastSwiftUpdateCheck = 1330;
				LastUpgradeCheck = 1330;
				TargetAttributes = {
					96813461282C2FCD008C302D = {
						CreatedOnToolsVersion = 13.3;
					};
					96A051172833927C00886173 = {
						CreatedOnToolsVersion = 13.3;
						LastSwiftMigration = 1330;
						TestTargetID = 96813461282C2FCD008C302D;
					};
				};
			};
			buildConfigurationList = 9681345D282C2FCD008C302D /* Build configuration list for PBXProject "Bankey" */;
			compatibilityVersion = "Xcode 13.0";
			developmentRegion = en;
			hasScannedForEncodings = 0;
			knownRegions = (
				en,
				Base,
			);
			mainGroup = 96813459282C2FCD008C302D;
			productRefGroup = 96813463282C2FCD008C302D /* Products */;
			projectDirPath = "";
			projectRoot = "";
			targets = (
				96813461282C2FCD008C302D /* Bankey */,
				96A051172833927C00886173 /* BankeyUnitTests */,
			);
		};
/* End PBXProject section */

/* Begin PBXResourcesBuildPhase section */
		96813460282C2FCD008C302D /* Resources */ = {
			isa = PBXResourcesBuildPhase;
			buildActionMask = 2147483647;
			files = (
				96805879283202C700BDF569 /* AccountSummaryHeaderView.xib in Resources */,
				96813472282C2FCF008C302D /* LaunchScreen.storyboard in Resources */,
				9681346F282C2FCF008C302D /* Assets.xcassets in Resources */,
			);
			runOnlyForDeploymentPostprocessing = 0;
		};
		96A051162833927C00886173 /* Resources */ = {
			isa = PBXResourcesBuildPhase;
			buildActionMask = 2147483647;
			files = (
			);
			runOnlyForDeploymentPostprocessing = 0;
		};
/* End PBXResourcesBuildPhase section */

/* Begin PBXSourcesBuildPhase section */
		9681345E282C2FCD008C302D /* Sources */ = {
			isa = PBXSourcesBuildPhase;
			buildActionMask = 2147483647;
			files = (
				968A51DF282F8FE7007437FF /* UIViewController+Utils.swift in Sources */,
				9681347C282C31C0008C302D /* LoginView.swift in Sources */,
				96A196F4282E82A800B5A4A7 /* LocalState.swift in Sources */,
				968058772832028400BDF569 /* AccountSummaryHeaderView.swift in Sources */,
				96A051262834047800886173 /* UITextField+SecureToggle.swift in Sources */,
				96A196F1282E397F00B5A4A7 /* DummyViewController.swift in Sources */,
				961629212832CBC4009B4039 /* CurrencyFormatter.swift in Sources */,
				9616291F2832CB84009B4039 /* DecimalUtils.swift in Sources */,
				96A05124283402A900886173 /* NSNotificationName.swift in Sources */,
				9681346A282C2FCD008C302D /* LoginViewController.swift in Sources */,
				96A455932835119500673A20 /* ShakeyBellView.swift in Sources */,
				9680587D28321C7100BDF569 /* AccountSummaryCell.swift in Sources */,
				960F2B74282D45C5002E2065 /* OnboardingViewController.swift in Sources */,
				968A51E1282F90FD007437FF /* MainViewController.swift in Sources */,
				9684499E283182F8007DC86E /* AccountSummaryViewController.swift in Sources */,
				96813466282C2FCD008C302D /* AppDelegate.swift in Sources */,
				960F2B72282CDD8A002E2065 /* OnboardingContainerViewController.swift in Sources */,
			);
			runOnlyForDeploymentPostprocessing = 0;
		};
		96A051142833927C00886173 /* Sources */ = {
			isa = PBXSourcesBuildPhase;
			buildActionMask = 2147483647;
			files = (
				96A051222833931C00886173 /* CurrencyFormatterTest.swift in Sources */,
			);
			runOnlyForDeploymentPostprocessing = 0;
		};
/* End PBXSourcesBuildPhase section */

/* Begin PBXTargetDependency section */
		96A0511D2833927C00886173 /* PBXTargetDependency */ = {
			isa = PBXTargetDependency;
			target = 96813461282C2FCD008C302D /* Bankey */;
			targetProxy = 96A0511C2833927C00886173 /* PBXContainerItemProxy */;
		};
/* End PBXTargetDependency section */

/* Begin PBXVariantGroup section */
		96813470282C2FCF008C302D /* LaunchScreen.storyboard */ = {
			isa = PBXVariantGroup;
			children = (
				96813471282C2FCF008C302D /* Base */,
			);
			name = LaunchScreen.storyboard;
			sourceTree = "<group>";
		};
/* End PBXVariantGroup section */

/* Begin XCBuildConfiguration section */
		96813474282C2FCF008C302D /* Debug */ = {
			isa = XCBuildConfiguration;
			buildSettings = {
				ALWAYS_SEARCH_USER_PATHS = NO;
				CLANG_ANALYZER_NONNULL = YES;
				CLANG_ANALYZER_NUMBER_OBJECT_CONVERSION = YES_AGGRESSIVE;
				CLANG_CXX_LANGUAGE_STANDARD = "gnu++17";
				CLANG_ENABLE_MODULES = YES;
				CLANG_ENABLE_OBJC_ARC = YES;
				CLANG_ENABLE_OBJC_WEAK = YES;
				CLANG_WARN_BLOCK_CAPTURE_AUTORELEASING = YES;
				CLANG_WARN_BOOL_CONVERSION = YES;
				CLANG_WARN_COMMA = YES;
				CLANG_WARN_CONSTANT_CONVERSION = YES;
				CLANG_WARN_DEPRECATED_OBJC_IMPLEMENTATIONS = YES;
				CLANG_WARN_DIRECT_OBJC_ISA_USAGE = YES_ERROR;
				CLANG_WARN_DOCUMENTATION_COMMENTS = YES;
				CLANG_WARN_EMPTY_BODY = YES;
				CLANG_WARN_ENUM_CONVERSION = YES;
				CLANG_WARN_INFINITE_RECURSION = YES;
				CLANG_WARN_INT_CONVERSION = YES;
				CLANG_WARN_NON_LITERAL_NULL_CONVERSION = YES;
				CLANG_WARN_OBJC_IMPLICIT_RETAIN_SELF = YES;
				CLANG_WARN_OBJC_LITERAL_CONVERSION = YES;
				CLANG_WARN_OBJC_ROOT_CLASS = YES_ERROR;
				CLANG_WARN_QUOTED_INCLUDE_IN_FRAMEWORK_HEADER = YES;
				CLANG_WARN_RANGE_LOOP_ANALYSIS = YES;
				CLANG_WARN_STRICT_PROTOTYPES = YES;
				CLANG_WARN_SUSPICIOUS_MOVE = YES;
				CLANG_WARN_UNGUARDED_AVAILABILITY = YES_AGGRESSIVE;
				CLANG_WARN_UNREACHABLE_CODE = YES;
				CLANG_WARN__DUPLICATE_METHOD_MATCH = YES;
				COPY_PHASE_STRIP = NO;
				DEBUG_INFORMATION_FORMAT = dwarf;
				ENABLE_STRICT_OBJC_MSGSEND = YES;
				ENABLE_TESTABILITY = YES;
				GCC_C_LANGUAGE_STANDARD = gnu11;
				GCC_DYNAMIC_NO_PIC = NO;
				GCC_NO_COMMON_BLOCKS = YES;
				GCC_OPTIMIZATION_LEVEL = 0;
				GCC_PREPROCESSOR_DEFINITIONS = (
					"DEBUG=1",
					"$(inherited)",
				);
				GCC_WARN_64_TO_32_BIT_CONVERSION = YES;
				GCC_WARN_ABOUT_RETURN_TYPE = YES_ERROR;
				GCC_WARN_UNDECLARED_SELECTOR = YES;
				GCC_WARN_UNINITIALIZED_AUTOS = YES_AGGRESSIVE;
				GCC_WARN_UNUSED_FUNCTION = YES;
				GCC_WARN_UNUSED_VARIABLE = YES;
				IPHONEOS_DEPLOYMENT_TARGET = 15.4;
				MTL_ENABLE_DEBUG_INFO = INCLUDE_SOURCE;
				MTL_FAST_MATH = YES;
				ONLY_ACTIVE_ARCH = YES;
				SDKROOT = iphoneos;
				SWIFT_ACTIVE_COMPILATION_CONDITIONS = DEBUG;
				SWIFT_OPTIMIZATION_LEVEL = "-Onone";
			};
			name = Debug;
		};
		96813475282C2FCF008C302D /* Release */ = {
			isa = XCBuildConfiguration;
			buildSettings = {
				ALWAYS_SEARCH_USER_PATHS = NO;
				CLANG_ANALYZER_NONNULL = YES;
				CLANG_ANALYZER_NUMBER_OBJECT_CONVERSION = YES_AGGRESSIVE;
				CLANG_CXX_LANGUAGE_STANDARD = "gnu++17";
				CLANG_ENABLE_MODULES = YES;
				CLANG_ENABLE_OBJC_ARC = YES;
				CLANG_ENABLE_OBJC_WEAK = YES;
				CLANG_WARN_BLOCK_CAPTURE_AUTORELEASING = YES;
				CLANG_WARN_BOOL_CONVERSION = YES;
				CLANG_WARN_COMMA = YES;
				CLANG_WARN_CONSTANT_CONVERSION = YES;
				CLANG_WARN_DEPRECATED_OBJC_IMPLEMENTATIONS = YES;
				CLANG_WARN_DIRECT_OBJC_ISA_USAGE = YES_ERROR;
				CLANG_WARN_DOCUMENTATION_COMMENTS = YES;
				CLANG_WARN_EMPTY_BODY = YES;
				CLANG_WARN_ENUM_CONVERSION = YES;
				CLANG_WARN_INFINITE_RECURSION = YES;
				CLANG_WARN_INT_CONVERSION = YES;
				CLANG_WARN_NON_LITERAL_NULL_CONVERSION = YES;
				CLANG_WARN_OBJC_IMPLICIT_RETAIN_SELF = YES;
				CLANG_WARN_OBJC_LITERAL_CONVERSION = YES;
				CLANG_WARN_OBJC_ROOT_CLASS = YES_ERROR;
				CLANG_WARN_QUOTED_INCLUDE_IN_FRAMEWORK_HEADER = YES;
				CLANG_WARN_RANGE_LOOP_ANALYSIS = YES;
				CLANG_WARN_STRICT_PROTOTYPES = YES;
				CLANG_WARN_SUSPICIOUS_MOVE = YES;
				CLANG_WARN_UNGUARDED_AVAILABILITY = YES_AGGRESSIVE;
				CLANG_WARN_UNREACHABLE_CODE = YES;
				CLANG_WARN__DUPLICATE_METHOD_MATCH = YES;
				COPY_PHASE_STRIP = NO;
				DEBUG_INFORMATION_FORMAT = "dwarf-with-dsym";
				ENABLE_NS_ASSERTIONS = NO;
				ENABLE_STRICT_OBJC_MSGSEND = YES;
				GCC_C_LANGUAGE_STANDARD = gnu11;
				GCC_NO_COMMON_BLOCKS = YES;
				GCC_WARN_64_TO_32_BIT_CONVERSION = YES;
				GCC_WARN_ABOUT_RETURN_TYPE = YES_ERROR;
				GCC_WARN_UNDECLARED_SELECTOR = YES;
				GCC_WARN_UNINITIALIZED_AUTOS = YES_AGGRESSIVE;
				GCC_WARN_UNUSED_FUNCTION = YES;
				GCC_WARN_UNUSED_VARIABLE = YES;
				IPHONEOS_DEPLOYMENT_TARGET = 15.4;
				MTL_ENABLE_DEBUG_INFO = NO;
				MTL_FAST_MATH = YES;
				SDKROOT = iphoneos;
				SWIFT_COMPILATION_MODE = wholemodule;
				SWIFT_OPTIMIZATION_LEVEL = "-O";
				VALIDATE_PRODUCT = YES;
			};
			name = Release;
		};
		96813477282C2FCF008C302D /* Debug */ = {
			isa = XCBuildConfiguration;
			buildSettings = {
				ASSETCATALOG_COMPILER_APPICON_NAME = AppIcon;
				ASSETCATALOG_COMPILER_GLOBAL_ACCENT_COLOR_NAME = AccentColor;
				CODE_SIGN_STYLE = Automatic;
				CURRENT_PROJECT_VERSION = 1;
				GENERATE_INFOPLIST_FILE = YES;
				INFOPLIST_FILE = Bankey/Info.plist;
				INFOPLIST_KEY_UIApplicationSupportsIndirectInputEvents = YES;
				INFOPLIST_KEY_UILaunchStoryboardName = LaunchScreen;
				INFOPLIST_KEY_UISupportedInterfaceOrientations_iPad = "UIInterfaceOrientationPortrait UIInterfaceOrientationPortraitUpsideDown UIInterfaceOrientationLandscapeLeft UIInterfaceOrientationLandscapeRight";
				INFOPLIST_KEY_UISupportedInterfaceOrientations_iPhone = "UIInterfaceOrientationPortrait UIInterfaceOrientationLandscapeLeft UIInterfaceOrientationLandscapeRight";
				LD_RUNPATH_SEARCH_PATHS = (
					"$(inherited)",
					"@executable_path/Frameworks",
				);
				MARKETING_VERSION = 1.0;
				PRODUCT_BUNDLE_IDENTIFIER = project.Bankey;
				PRODUCT_NAME = "$(TARGET_NAME)";
				SWIFT_EMIT_LOC_STRINGS = YES;
				SWIFT_VERSION = 5.0;
				TARGETED_DEVICE_FAMILY = "1,2";
			};
			name = Debug;
		};
		96813478282C2FCF008C302D /* Release */ = {
			isa = XCBuildConfiguration;
			buildSettings = {
				ASSETCATALOG_COMPILER_APPICON_NAME = AppIcon;
				ASSETCATALOG_COMPILER_GLOBAL_ACCENT_COLOR_NAME = AccentColor;
				CODE_SIGN_STYLE = Automatic;
				CURRENT_PROJECT_VERSION = 1;
				GENERATE_INFOPLIST_FILE = YES;
				INFOPLIST_FILE = Bankey/Info.plist;
				INFOPLIST_KEY_UIApplicationSupportsIndirectInputEvents = YES;
				INFOPLIST_KEY_UILaunchStoryboardName = LaunchScreen;
				INFOPLIST_KEY_UISupportedInterfaceOrientations_iPad = "UIInterfaceOrientationPortrait UIInterfaceOrientationPortraitUpsideDown UIInterfaceOrientationLandscapeLeft UIInterfaceOrientationLandscapeRight";
				INFOPLIST_KEY_UISupportedInterfaceOrientations_iPhone = "UIInterfaceOrientationPortrait UIInterfaceOrientationLandscapeLeft UIInterfaceOrientationLandscapeRight";
				LD_RUNPATH_SEARCH_PATHS = (
					"$(inherited)",
					"@executable_path/Frameworks",
				);
				MARKETING_VERSION = 1.0;
				PRODUCT_BUNDLE_IDENTIFIER = project.Bankey;
				PRODUCT_NAME = "$(TARGET_NAME)";
				SWIFT_EMIT_LOC_STRINGS = YES;
				SWIFT_VERSION = 5.0;
				TARGETED_DEVICE_FAMILY = "1,2";
			};
			name = Release;
		};
		96A0511E2833927C00886173 /* Debug */ = {
			isa = XCBuildConfiguration;
			buildSettings = {
				BUNDLE_LOADER = "$(TEST_HOST)";
				CLANG_ENABLE_MODULES = YES;
				CODE_SIGN_STYLE = Automatic;
				CURRENT_PROJECT_VERSION = 1;
				GENERATE_INFOPLIST_FILE = YES;
				LD_RUNPATH_SEARCH_PATHS = (
					"$(inherited)",
					"@executable_path/Frameworks",
					"@loader_path/Frameworks",
				);
				MARKETING_VERSION = 1.0;
				PRODUCT_BUNDLE_IDENTIFIER = app.BankeyUnitTests;
				PRODUCT_NAME = "$(TARGET_NAME)";
				SWIFT_EMIT_LOC_STRINGS = NO;
				SWIFT_OPTIMIZATION_LEVEL = "-Onone";
				SWIFT_VERSION = 5.0;
				TARGETED_DEVICE_FAMILY = "1,2";
				TEST_HOST = "$(BUILT_PRODUCTS_DIR)/Bankey.app/Bankey";
			};
			name = Debug;
		};
		96A0511F2833927C00886173 /* Release */ = {
			isa = XCBuildConfiguration;
			buildSettings = {
				BUNDLE_LOADER = "$(TEST_HOST)";
				CLANG_ENABLE_MODULES = YES;
				CODE_SIGN_STYLE = Automatic;
				CURRENT_PROJECT_VERSION = 1;
				GENERATE_INFOPLIST_FILE = YES;
				LD_RUNPATH_SEARCH_PATHS = (
					"$(inherited)",
					"@executable_path/Frameworks",
					"@loader_path/Frameworks",
				);
				MARKETING_VERSION = 1.0;
				PRODUCT_BUNDLE_IDENTIFIER = app.BankeyUnitTests;
				PRODUCT_NAME = "$(TARGET_NAME)";
				SWIFT_EMIT_LOC_STRINGS = NO;
				SWIFT_VERSION = 5.0;
				TARGETED_DEVICE_FAMILY = "1,2";
				TEST_HOST = "$(BUILT_PRODUCTS_DIR)/Bankey.app/Bankey";
			};
			name = Release;
		};
/* End XCBuildConfiguration section */

/* Begin XCConfigurationList section */
		9681345D282C2FCD008C302D /* Build configuration list for PBXProject "Bankey" */ = {
			isa = XCConfigurationList;
			buildConfigurations = (
				96813474282C2FCF008C302D /* Debug */,
				96813475282C2FCF008C302D /* Release */,
			);
			defaultConfigurationIsVisible = 0;
			defaultConfigurationName = Release;
		};
		96813476282C2FCF008C302D /* Build configuration list for PBXNativeTarget "Bankey" */ = {
			isa = XCConfigurationList;
			buildConfigurations = (
				96813477282C2FCF008C302D /* Debug */,
				96813478282C2FCF008C302D /* Release */,
			);
			defaultConfigurationIsVisible = 0;
			defaultConfigurationName = Release;
		};
		96A051202833927C00886173 /* Build configuration list for PBXNativeTarget "BankeyUnitTests" */ = {
			isa = XCConfigurationList;
			buildConfigurations = (
				96A0511E2833927C00886173 /* Debug */,
				96A0511F2833927C00886173 /* Release */,
			);
			defaultConfigurationIsVisible = 0;
			defaultConfigurationName = Release;
		};
/* End XCConfigurationList section */
	};
	rootObject = 9681345A282C2FCD008C302D /* Project object */;
}
